Microsoft Visual Studio Solution File, Format Version 11.00
# Visual Studio 2008

Project("{CE7E88F8-2D24-0631-DB59-9E5233A7F26F}") = "QuartzSurvival", "Assembly-CSharp-vs.csproj", "{B56B7ED2-CE5B-CDC9-E9C7-46E8A95EE28B}"
EndProject
Global
	GlobalSection(SolutionConfigurationPlatforms) = preSolution
		Debug|Any CPU = Debug|Any CPU
		Release|Any CPU = Release|Any CPU
	EndGlobalSection
	GlobalSection(ProjectConfigurationPlatforms) = postSolution
		{B56B7ED2-CE5B-CDC9-E9C7-46E8A95EE28B}.Debug|Any CPU.ActiveCfg = Debug|Any CPU
		{B56B7ED2-CE5B-CDC9-E9C7-46E8A95EE28B}.Debug|Any CPU.Build.0 = Debug|Any CPU
		{B56B7ED2-CE5B-CDC9-E9C7-46E8A95EE28B}.Release|Any CPU.ActiveCfg = Release|Any CPU
		{B56B7ED2-CE5B-CDC9-E9C7-46E8A95EE28B}.Release|Any CPU.Build.0 = Release|Any CPU
	EndGlobalSection
	GlobalSection(SolutionProperties) = preSolution
		HideSolutionNode = FALSE
	EndGlobalSection
								GlobalSection(MonoDevelopProperties) = preSolution
		StartupItem = Assembly-CSharp.csproj
		Policies = $0
		$0.TextStylePolicy = $1
		$1.inheritsSet = null
		$1.scope = text/x-csharp
		$0.CSharpFormattingPolicy = $2
		$2.inheritsSet = Mono
		$2.inheritsScope = text/x-csharp
		$2.scope = text/x-csharp
		$0.TextStylePolicy = $3
		$3.FileWidth = 120
		$3.TabWidth = 4
		$3.EolMarker = Unix
		$3.inheritsSet = Mono
		$3.inheritsScope = text/plain
		$3.scope = text/plain
	EndGlobalSection

EndGlobal
